
Microsoft Visual Studio Solution File, Format Version 12.00
# Visual Studio Version 16
VisualStudioVersion = 16.0.30413.136
MinimumVisualStudioVersion = 15.0.26124.0
Project("{9A19103F-16F7-4668-BE54-9A1E7A4F7556}") = "Meowtrix.PixivApi", "Source\Meowtrix.PixivApi\Meowtrix.PixivApi.csproj", "{B1B4506B-52C7-4F43-91AF-23C78F45C006}"
EndProject
Project("{9A19103F-16F7-4668-BE54-9A1E7A4F7556}") = "Meowtrix.PixivApi.ManualTest", "Source\Meowtrix.PixivApi.ManualTest\Meowtrix.PixivApi.ManualTest.csproj", "{B0F4B4E0-AE3A-418B-A79A-092EAD684C9B}"
EndProject
Project("{2150E333-8FDC-42A3-9474-1A3956D46DE8}") = "Solution Items", "Solution Items", "{C082F9E6-79AF-4109-91E8-F1CE4159A622}"
	ProjectSection(SolutionItems) = preProject
		.editorconfig = .editorconfig
		Directory.Build.props = Directory.Build.props
		Directory.Build.targets = Directory.Build.targets
		global.json = global.json
		README.md = README.md
	EndProjectSection
EndProject
Project("{FAE04EC0-301F-11D3-BF4B-00C04F79EFBC}") = "Meowtrix.Generators", "Source\Meowtrix.Generators\Meowtrix.Generators.csproj", "{94BC2B7F-B872-4D98-A5A8-C2C66C3AF1E5}"
EndProject
Global
	GlobalSection(SolutionConfigurationPlatforms) = preSolution
		Debug|Any CPU = Debug|Any CPU
		Debug|x64 = Debug|x64
		Debug|x86 = Debug|x86
		Release|Any CPU = Release|Any CPU
		Release|x64 = Release|x64
		Release|x86 = Release|x86
	EndGlobalSection
	GlobalSection(ProjectConfigurationPlatforms) = postSolution
		{B1B4506B-52C7-4F43-91AF-23C78F45C006}.Debug|Any CPU.ActiveCfg = Debug|Any CPU
		{B1B4506B-52C7-4F43-91AF-23C78F45C006}.Debug|Any CPU.Build.0 = Debug|Any CPU
		{B1B4506B-52C7-4F43-91AF-23C78F45C006}.Debug|x64.ActiveCfg = Debug|Any CPU
		{B1B4506B-52C7-4F43-91AF-23C78F45C006}.Debug|x64.Build.0 = Debug|Any CPU
		{B1B4506B-52C7-4F43-91AF-23C78F45C006}.Debug|x86.ActiveCfg = Debug|Any CPU
		{B1B4506B-52C7-4F43-91AF-23C78F45C006}.Debug|x86.Build.0 = Debug|Any CPU
		{B1B4506B-52C7-4F43-91AF-23C78F45C006}.Release|Any CPU.ActiveCfg = Release|Any CPU
		{B1B4506B-52C7-4F43-91AF-23C78F45C006}.Release|Any CPU.Build.0 = Release|Any CPU
		{B1B4506B-52C7-4F43-91AF-23C78F45C006}.Release|x64.ActiveCfg = Release|Any CPU
		{B1B4506B-52C7-4F43-91AF-23C78F45C006}.Release|x64.Build.0 = Release|Any CPU
		{B1B4506B-52C7-4F43-91AF-23C78F45C006}.Release|x86.ActiveCfg = Release|Any CPU
		{B1B4506B-52C7-4F43-91AF-23C78F45C006}.Release|x86.Build.0 = Release|Any CPU
		{B0F4B4E0-AE3A-418B-A79A-092EAD684C9B}.Debug|Any CPU.ActiveCfg = Debug|Any CPU
		{B0F4B4E0-AE3A-418B-A79A-092EAD684C9B}.Debug|Any CPU.Build.0 = Debug|Any CPU
		{B0F4B4E0-AE3A-418B-A79A-092EAD684C9B}.Debug|x64.ActiveCfg = Debug|Any CPU
		{B0F4B4E0-AE3A-418B-A79A-092EAD684C9B}.Debug|x64.Build.0 = Debug|Any CPU
		{B0F4B4E0-AE3A-418B-A79A-092EAD684C9B}.Debug|x86.ActiveCfg = Debug|Any CPU
		{B0F4B4E0-AE3A-418B-A79A-092EAD684C9B}.Debug|x86.Build.0 = Debug|Any CPU
		{B0F4B4E0-AE3A-418B-A79A-092EAD684C9B}.Release|Any CPU.ActiveCfg = Release|Any CPU
		{B0F4B4E0-AE3A-418B-A79A-092EAD684C9B}.Release|Any CPU.Build.0 = Release|Any CPU
		{B0F4B4E0-AE3A-418B-A79A-092EAD684C9B}.Release|x64.ActiveCfg = Release|Any CPU
		{B0F4B4E0-AE3A-418B-A79A-092EAD684C9B}.Release|x64.Build.0 = Release|Any CPU
		{B0F4B4E0-AE3A-418B-A79A-092EAD684C9B}.Release|x86.ActiveCfg = Release|Any CPU
		{B0F4B4E0-AE3A-418B-A79A-092EAD684C9B}.Release|x86.Build.0 = Release|Any CPU
		{94BC2B7F-B872-4D98-A5A8-C2C66C3AF1E5}.Debug|Any CPU.ActiveCfg = Debug|Any CPU
		{94BC2B7F-B872-4D98-A5A8-C2C66C3AF1E5}.Debug|Any CPU.Build.0 = Debug|Any CPU
		{94BC2B7F-B872-4D98-A5A8-C2C66C3AF1E5}.Debug|x64.ActiveCfg = Debug|Any CPU
		{94BC2B7F-B872-4D98-A5A8-C2C66C3AF1E5}.Debug|x64.Build.0 = Debug|Any CPU
		{94BC2B7F-B872-4D98-A5A8-C2C66C3AF1E5}.Debug|x86.ActiveCfg = Debug|Any CPU
		{94BC2B7F-B872-4D98-A5A8-C2C66C3AF1E5}.Debug|x86.Build.0 = Debug|Any CPU
		{94BC2B7F-B872-4D98-A5A8-C2C66C3AF1E5}.Release|Any CPU.ActiveCfg = Release|Any CPU
		{94BC2B7F-B872-4D98-A5A8-C2C66C3AF1E5}.Release|Any CPU.Build.0 = Release|Any CPU
		{94BC2B7F-B872-4D98-A5A8-C2C66C3AF1E5}.Release|x64.ActiveCfg = Release|Any CPU
		{94BC2B7F-B872-4D98-A5A8-C2C66C3AF1E5}.Release|x64.Build.0 = Release|Any CPU
		{94BC2B7F-B872-4D98-A5A8-C2C66C3AF1E5}.Release|x86.ActiveCfg = Release|Any CPU
		{94BC2B7F-B872-4D98-A5A8-C2C66C3AF1E5}.Release|x86.Build.0 = Release|Any CPU
	EndGlobalSection
	GlobalSection(SolutionProperties) = preSolution
		HideSolutionNode = FALSE
	EndGlobalSection
	GlobalSection(ExtensibilityGlobals) = postSolution
		SolutionGuid = {E873E3A5-AEB8-4E81-BF81-0CD8CB2A5D32}
	EndGlobalSection
EndGlobal
